
Microsoft Visual Studio Solution File, Format Version 12.00
# Visual Studio Version 16
VisualStudioVersion = 16.0.32407.337
MinimumVisualStudioVersion = 10.0.40219.1
Project("{9A19103F-16F7-4668-BE54-9A1E7A4F7556}") = "Zay.Shop", "Zay.Shop\Zay.Shop.csproj", "{046971DC-6A88-438F-BAC4-5F4B634B25A2}"
EndProject
Project("{9A19103F-16F7-4668-BE54-9A1E7A4F7556}") = "ShopLibrary", "ShopLibrary\ShopLibrary.csproj", "{C0DB9413-F281-41EF-8458-7BC3D738A348}"
EndProject
Project("{9A19103F-16F7-4668-BE54-9A1E7A4F7556}") = "ShopLibrary.Models", "ShopLibrary.Models\ShopLibrary.Models.csproj", "{45645AAD-3244-4F3F-89D5-DA851BE689C9}"
EndProject
Global
	GlobalSection(SolutionConfigurationPlatforms) = preSolution
		Debug|Any CPU = Debug|Any CPU
		Release|Any CPU = Release|Any CPU
	EndGlobalSection
	GlobalSection(ProjectConfigurationPlatforms) = postSolution
		{046971DC-6A88-438F-BAC4-5F4B634B25A2}.Debug|Any CPU.ActiveCfg = Debug|Any CPU
		{046971DC-6A88-438F-BAC4-5F4B634B25A2}.Debug|Any CPU.Build.0 = Debug|Any CPU
		{046971DC-6A88-438F-BAC4-5F4B634B25A2}.Release|Any CPU.ActiveCfg = Release|Any CPU
		{046971DC-6A88-438F-BAC4-5F4B634B25A2}.Release|Any CPU.Build.0 = Release|Any CPU
		{C0DB9413-F281-41EF-8458-7BC3D738A348}.Debug|Any CPU.ActiveCfg = Debug|Any CPU
		{C0DB9413-F281-41EF-8458-7BC3D738A348}.Debug|Any CPU.Build.0 = Debug|Any CPU
		{C0DB9413-F281-41EF-8458-7BC3D738A348}.Release|Any CPU.ActiveCfg = Release|Any CPU
		{C0DB9413-F281-41EF-8458-7BC3D738A348}.Release|Any CPU.Build.0 = Release|Any CPU
		{45645AAD-3244-4F3F-89D5-DA851BE689C9}.Debug|Any CPU.ActiveCfg = Debug|Any CPU
		{45645AAD-3244-4F3F-89D5-DA851BE689C9}.Debug|Any CPU.Build.0 = Debug|Any CPU
		{45645AAD-3244-4F3F-89D5-DA851BE689C9}.Release|Any CPU.ActiveCfg = Release|Any CPU
		{45645AAD-3244-4F3F-89D5-DA851BE689C9}.Release|Any CPU.Build.0 = Release|Any CPU
	EndGlobalSection
	GlobalSection(SolutionProperties) = preSolution
		HideSolutionNode = FALSE
	EndGlobalSection
	GlobalSection(ExtensibilityGlobals) = postSolution
		SolutionGuid = {D4B398D8-8938-49DD-A9E2-5249F23FFFE5}
	EndGlobalSection
EndGlobal
